
Microsoft Visual Studio Solution File, Format Version 12.00
# Visual Studio Version 16
VisualStudioVersion = 16.0.33423.256
MinimumVisualStudioVersion = 10.0.40219.1
Project("{8BC9CEB8-8B4A-11D0-8D11-00A0C91BC942}") = "NeoGame2D", "NeoGame2D\NeoGame2D.vcxproj", "{27115941-5BA1-463A-9400-5F9B214429E6}"
EndProject
Global
	GlobalSection(SolutionConfigurationPlatforms) = preSolution
		Debug|x64 = Debug|x64
		Debug|x86 = Debug|x86
		Release|x64 = Release|x64
		Release|x86 = Release|x86
	EndGlobalSection
	GlobalSection(ProjectConfigurationPlatforms) = postSolution
		{27115941-5BA1-463A-9400-5F9B214429E6}.Debug|x64.ActiveCfg = Debug|x64
		{27115941-5BA1-463A-9400-5F9B214429E6}.Debug|x64.Build.0 = Debug|x64
		{27115941-5BA1-463A-9400-5F9B214429E6}.Debug|x86.ActiveCfg = Debug|Win32
		{27115941-5BA1-463A-9400-5F9B214429E6}.Debug|x86.Build.0 = Debug|Win32
		{27115941-5BA1-463A-9400-5F9B214429E6}.Release|x64.ActiveCfg = Release|x64
		{27115941-5BA1-463A-9400-5F9B214429E6}.Release|x64.Build.0 = Release|x64
		{27115941-5BA1-463A-9400-5F9B214429E6}.Release|x86.ActiveCfg = Release|Win32
		{27115941-5BA1-463A-9400-5F9B214429E6}.Release|x86.Build.0 = Release|Win32
	EndGlobalSection
	GlobalSection(SolutionProperties) = preSolution
		HideSolutionNode = FALSE
	EndGlobalSection
	GlobalSection(ExtensibilityGlobals) = postSolution
		SolutionGuid = {268D9D75-E269-4CF0-AAC9-9977509E5EA0}
	EndGlobalSection
EndGlobal
